{
    "_readme": [
        "This file locks the dependencies of your project to a known state",
        "Read more about it at https://getcomposer.org/doc/01-basic-usage.md#composer-lock-the-lock-file",
        "This file is @generated automatically"
    ],
    "hash": "cef93ee5ed01dde28804dee1c0fd8fe7",
    "content-hash": "693b5cfc058cda925f01d0dd0da83214",
    "packages": [
        {
            "name": "league/plates",
            "version": "3.3.0",
            "source": {
                "type": "git",
                "url": "https://github.com/thephpleague/plates.git",
                "reference": "b1684b6f127714497a0ef927ce42c0b44b45a8af"
            },
            "dist": {
                "type": "zip",
                "url": "https://api.github.com/repos/thephpleague/plates/zipball/b1684b6f127714497a0ef927ce42c0b44b45a8af",
                "reference": "b1684b6f127714497a0ef927ce42c0b44b45a8af",
                "shasum": ""
            },
            "require": {
                "php": "^5.3 | ^7.0"
            },
            "require-dev": {
                "mikey179/vfsstream": "^1.4",
                "phpunit/phpunit": "~4.0",
                "squizlabs/php_codesniffer": "~1.5"
            },
            "type": "library",
            "extra": {
                "branch-alias": {
                    "dev-master": "3.0-dev"
                }
            },
            "autoload": {
                "psr-4": {
                    "League\\Plates\\": "src"
                }
            },
            "notification-url": "https://packagist.org/downloads/",
            "license": [
                "MIT"
            ],
            "authors": [
                {
                    "name": "Jonathan Reinink",
                    "email": "jonathan@reinink.ca",
                    "role": "Developer"
                }
            ],
            "description": "Plates, the native PHP template system that's fast, easy to use and easy to extend.",
            "homepage": "http://platesphp.com",
            "keywords": [
                "league",
                "package",
                "templates",
                "templating",
                "views"
            ],
            "time": "2016-12-28 00:14:17"
        },
        {
            "name": "sybio/gif-creator",
            "version": "1.0.0",
            "source": {
                "type": "git",
                "url": "https://github.com/Sybio/GifCreator.git",
                "reference": "250fc2f705181693c6c40b3d569d62353164bcbf"
            },
            "dist": {
                "type": "zip",
                "url": "https://api.github.com/repos/Sybio/GifCreator/zipball/250fc2f705181693c6c40b3d569d62353164bcbf",
                "reference": "250fc2f705181693c6c40b3d569d62353164bcbf",
                "shasum": ""
            },
            "require": {
                "php": ">=5.3.0"
            },
            "type": "library",
            "autoload": {
                "psr-0": {
                    "GifCreator": "src"
                }
            },
            "notification-url": "https://packagist.org/downloads/",
            "license": [
                "MIT"
            ],
            "authors": [
                {
                    "name": "Clément Guillemain",
                    "homepage": "http://clementguillemain.fr",
                    "role": "Developer / Freelancer"
                }
            ],
            "description": "PHP class that creates animated GIF from multiple images",
            "homepage": "https://github.com/Sybio/GifCreator",
            "keywords": [
                "animated",
                "creation",
                "encode",
                "gif",
                "php"
            ],
            "time": "2012-10-13 09:04:46"
        },
        {
            "name": "sybio/gif-frame-extractor",
            "version": "1.0.0",
            "source": {
                "type": "git",
                "url": "https://github.com/Sybio/GifFrameExtractor.git",
                "reference": "13e9880add3ae9cca10a48a0a3897fe3d0069f71"
            },
            "dist": {
                "type": "zip",
                "url": "https://api.github.com/repos/Sybio/GifFrameExtractor/zipball/13e9880add3ae9cca10a48a0a3897fe3d0069f71",
                "reference": "13e9880add3ae9cca10a48a0a3897fe3d0069f71",
                "shasum": ""
            },
            "require": {
                "php": ">=5.3.0"
            },
            "type": "library",
            "autoload": {
                "psr-0": {
                    "GifFrameExtractor": "src"
                }
            },
            "notification-url": "https://packagist.org/downloads/",
            "license": [
                "MIT"
            ],
            "authors": [
                {
                    "name": "Clément Guillemain",
                    "homepage": "http://clementguillemain.fr",
                    "role": "Developer / Freelancer"
                }
            ],
            "description": "PHP class that separates all the frames (and their duration) of an animated GIF",
            "homepage": "https://github.com/Sybio/GifFrameExtractor",
            "keywords": [
                "animated",
                "duration",
                "frame",
                "gif",
                "php",
                "separate",
                "time"
            ],
            "time": "2012-10-13 09:06:51"
        }
    ],
    "packages-dev": [],
    "aliases": [],
    "minimum-stability": "stable",
    "stability-flags": [],
    "prefer-stable": false,
    "prefer-lowest": false,
    "platform": [],
    "platform-dev": []
}
